# This file is automatically @generated by Cargo.
# It is not intended for manual editing.
version = 3

[[package]]
name = "binary_and_cdylib_crate"
version = "0.1.0"
dependencies = [
 "library_crate",
]

[[package]]
name = "crate_with_features"
version = "0.1.0"
dependencies = [
 "binary_and_cdylib_crate",
 "library_crate",
]

[[package]]
name = "library_crate"
version = "0.1.0"
