# This file is automatically @generated by Cargo.
# It is not intended for manual editing.
version = 3

[[package]]
name = "adler2"
version = "2.0.0"
source = "registry+https://github.com/rust-lang/crates.io-index"
checksum = "512761e0bb2578dd7380c6baaa0f4ce03e84f95e960231d1dec8bf4d7d6e2627"

[[package]]
name = "auditable-extract"
version = "0.3.5"
dependencies = [
 "binfarce",
 "wasmparser",
]

[[package]]
name = "auditable-info"
version = "0.8.0"
dependencies = [
 "auditable-extract",
 "miniz_oxide",
]

[[package]]
name = "binfarce"
version = "0.2.1"
source = "registry+https://github.com/rust-lang/crates.io-index"
checksum = "18464ccbb85e5dede30d70cc7676dc9950a0fb7dbf595a43d765be9123c616a2"

[[package]]
name = "bitflags"
version = "2.5.0"
source = "registry+https://github.com/rust-lang/crates.io-index"
checksum = "cf4b9d6a944f767f8e5e0db018570623c85f3d925ac718db4e06d0187adb21c1"

[[package]]
name = "miniz_oxide"
version = "0.8.0"
source = "registry+https://github.com/rust-lang/crates.io-index"
checksum = "e2d80299ef12ff69b16a84bb182e3b9df68b5a91574d3d4fa6e41b65deec4df1"
dependencies = [
 "adler2",
]

[[package]]
name = "rust-audit-info"
version = "0.5.4"
dependencies = [
 "auditable-info",
]

[[package]]
name = "wasmparser"
version = "0.207.0"
source = "registry+https://github.com/rust-lang/crates.io-index"
checksum = "e19bb9f8ab07616da582ef8adb24c54f1424c7ec876720b7da9db8ec0626c92c"
dependencies = [
 "bitflags",
]
