# This file is automatically @generated by Cargo.
# It is not intended for manual editing.
version = 4

[[package]]
name = "adler2"
version = "2.0.0"
source = "registry+https://github.com/rust-lang/crates.io-index"
checksum = "512761e0bb2578dd7380c6baaa0f4ce03e84f95e960231d1dec8bf4d7d6e2627"

[[package]]
name = "auditable-extract"
version = "0.3.5"
dependencies = [
 "binfarce",
 "wasmparser",
]

[[package]]
name = "auditable-info"
version = "0.9.0"
dependencies = [
 "auditable-extract",
 "miniz_oxide",
]

[[package]]
name = "binfarce"
version = "0.2.1"
source = "registry+https://github.com/rust-lang/crates.io-index"
checksum = "18464ccbb85e5dede30d70cc7676dc9950a0fb7dbf595a43d765be9123c616a2"

[[package]]
name = "bitflags"
version = "2.9.0"
source = "registry+https://github.com/rust-lang/crates.io-index"
checksum = "5c8214115b7bf84099f1309324e63141d4c5d7cc26862f97a0a857dbefe165bd"

[[package]]
name = "miniz_oxide"
version = "0.8.8"
source = "registry+https://github.com/rust-lang/crates.io-index"
checksum = "3be647b768db090acb35d5ec5db2b0e1f1de11133ca123b9eacf5137868f892a"
dependencies = [
 "adler2",
]

[[package]]
name = "rust-audit-info"
version = "0.5.4"
dependencies = [
 "auditable-info",
]

[[package]]
name = "wasmparser"
version = "0.230.0"
source = "registry+https://github.com/rust-lang/crates.io-index"
checksum = "808198a69b5a0535583370a51d459baa14261dfab04800c4864ee9e1a14346ed"
dependencies = [
 "bitflags",
]
